
Microsoft Visual Studio Solution File, Format Version 12.00
Project("{FAE04EC0-301F-11D3-BF4B-00C04F79EFBC}") = "Rakenkode.MathGame", "Rakenkode.MathGame\Rakenkode.MathGame.csproj", "{A6E9053C-DFA6-44F4-AECA-B67B162FA2FC}"
EndProject
Global
	GlobalSection(SolutionConfigurationPlatforms) = preSolution
		Debug|Any CPU = Debug|Any CPU
		Release|Any CPU = Release|Any CPU
	EndGlobalSection
	GlobalSection(ProjectConfigurationPlatforms) = postSolution
		{A6E9053C-DFA6-44F4-AECA-B67B162FA2FC}.Debug|Any CPU.ActiveCfg = Debug|Any CPU
		{A6E9053C-DFA6-44F4-AECA-B67B162FA2FC}.Debug|Any CPU.Build.0 = Debug|Any CPU
		{A6E9053C-DFA6-44F4-AECA-B67B162FA2FC}.Release|Any CPU.ActiveCfg = Release|Any CPU
		{A6E9053C-DFA6-44F4-AECA-B67B162FA2FC}.Release|Any CPU.Build.0 = Release|Any CPU
	EndGlobalSection
EndGlobal
